
Microsoft Visual Studio Solution File, Format Version 12.00
# Visual Studio Version 17
VisualStudioVersion = 17.0.31423.177
MinimumVisualStudioVersion = 10.0.40219.1
Project("{9A19103F-16F7-4668-BE54-9A1E7A4F7556}") = "MintyCore.ShaderCompiler", "MintyCore.ShaderCompiler\MintyCore.ShaderCompiler.csproj", "{0282E9A6-649B-4F83-86C8-E640EEA755B6}"
EndProject
Project("{9A19103F-16F7-4668-BE54-9A1E7A4F7556}") = "MintyCore", "MintyCore\MintyCore.csproj", "{B5058A7A-46A9-406B-9979-0D4E1D3197AC}"
EndProject
Project("{9A19103F-16F7-4668-BE54-9A1E7A4F7556}") = "MintyCore.Generator", "MintyCore.Generator\MintyCore.Generator.csproj", "{41F293AF-154E-41F6-8468-6D175D86C689}"
EndProject
Project("{9A19103F-16F7-4668-BE54-9A1E7A4F7556}") = "_testModBuild", "testModBuild\_testModBuild.csproj", "{B92D3C59-9FD3-48F6-87B8-9B2289C036B0}"
EndProject
Project("{FAE04EC0-301F-11D3-BF4B-00C04F79EFBC}") = "TestMod", "TestMod\TestMod.csproj", "{90355B36-C059-4970-A450-0E6B495B2C71}"
EndProject
Project("{FAE04EC0-301F-11D3-BF4B-00C04F79EFBC}") = "MintyCore.Tests", "MintyCore.Tests\MintyCore.Tests.csproj", "{56DE632F-758D-4821-8A96-80880B4DF5E6}"
EndProject
Project("{FAE04EC0-301F-11D3-BF4B-00C04F79EFBC}") = "MintyCore.Generator.Tests", "MintyCore.Generator.Tests\MintyCore.Generator.Tests.csproj", "{040B23B6-B4AC-4E69-8B62-30EBFB30ABF7}"
EndProject
Global
	GlobalSection(SolutionConfigurationPlatforms) = preSolution
		Debug|Any CPU = Debug|Any CPU
		Release|Any CPU = Release|Any CPU
		Publish|Any CPU = Publish|Any CPU
	EndGlobalSection
	GlobalSection(ProjectConfigurationPlatforms) = postSolution
		{B92D3C59-9FD3-48F6-87B8-9B2289C036B0}.Debug|Any CPU.ActiveCfg = Debug|Any CPU
		{B92D3C59-9FD3-48F6-87B8-9B2289C036B0}.Release|Any CPU.ActiveCfg = Release|Any CPU
		{B92D3C59-9FD3-48F6-87B8-9B2289C036B0}.Debug|Any CPU.Build.0 = Debug|Any CPU
		{B92D3C59-9FD3-48F6-87B8-9B2289C036B0}.Publish|Any CPU.ActiveCfg = Publish|Any CPU
		{0282E9A6-649B-4F83-86C8-E640EEA755B6}.Debug|Any CPU.ActiveCfg = Debug|Any CPU
		{0282E9A6-649B-4F83-86C8-E640EEA755B6}.Debug|Any CPU.Build.0 = Debug|Any CPU
		{0282E9A6-649B-4F83-86C8-E640EEA755B6}.Release|Any CPU.ActiveCfg = Release|Any CPU
		{0282E9A6-649B-4F83-86C8-E640EEA755B6}.Release|Any CPU.Build.0 = Release|Any CPU
		{0282E9A6-649B-4F83-86C8-E640EEA755B6}.Publish|Any CPU.ActiveCfg = Publish|Any CPU
		{0282E9A6-649B-4F83-86C8-E640EEA755B6}.Publish|Any CPU.Build.0 = Publish|Any CPU
		{B5058A7A-46A9-406B-9979-0D4E1D3197AC}.Debug|Any CPU.ActiveCfg = Debug|Any CPU
		{B5058A7A-46A9-406B-9979-0D4E1D3197AC}.Debug|Any CPU.Build.0 = Debug|Any CPU
		{B5058A7A-46A9-406B-9979-0D4E1D3197AC}.Release|Any CPU.ActiveCfg = Release|Any CPU
		{B5058A7A-46A9-406B-9979-0D4E1D3197AC}.Release|Any CPU.Build.0 = Release|Any CPU
		{B5058A7A-46A9-406B-9979-0D4E1D3197AC}.Publish|Any CPU.ActiveCfg = Publish|Any CPU
		{B5058A7A-46A9-406B-9979-0D4E1D3197AC}.Publish|Any CPU.Build.0 = Publish|Any CPU
		{41F293AF-154E-41F6-8468-6D175D86C689}.Debug|Any CPU.ActiveCfg = Debug|Any CPU
		{41F293AF-154E-41F6-8468-6D175D86C689}.Debug|Any CPU.Build.0 = Debug|Any CPU
		{41F293AF-154E-41F6-8468-6D175D86C689}.Release|Any CPU.ActiveCfg = Release|Any CPU
		{41F293AF-154E-41F6-8468-6D175D86C689}.Release|Any CPU.Build.0 = Release|Any CPU
		{41F293AF-154E-41F6-8468-6D175D86C689}.Publish|Any CPU.ActiveCfg = Publish|Any CPU
		{41F293AF-154E-41F6-8468-6D175D86C689}.Publish|Any CPU.Build.0 = Publish|Any CPU
		{90355B36-C059-4970-A450-0E6B495B2C71}.Debug|Any CPU.ActiveCfg = Debug|Any CPU
		{90355B36-C059-4970-A450-0E6B495B2C71}.Debug|Any CPU.Build.0 = Debug|Any CPU
		{90355B36-C059-4970-A450-0E6B495B2C71}.Release|Any CPU.ActiveCfg = Release|Any CPU
		{90355B36-C059-4970-A450-0E6B495B2C71}.Release|Any CPU.Build.0 = Release|Any CPU
		{90355B36-C059-4970-A450-0E6B495B2C71}.Publish|Any CPU.ActiveCfg = Publish|Any CPU
		{90355B36-C059-4970-A450-0E6B495B2C71}.Publish|Any CPU.Build.0 = Publish|Any CPU
		{56DE632F-758D-4821-8A96-80880B4DF5E6}.Debug|Any CPU.ActiveCfg = Debug|Any CPU
		{56DE632F-758D-4821-8A96-80880B4DF5E6}.Debug|Any CPU.Build.0 = Debug|Any CPU
		{56DE632F-758D-4821-8A96-80880B4DF5E6}.Release|Any CPU.ActiveCfg = Release|Any CPU
		{56DE632F-758D-4821-8A96-80880B4DF5E6}.Release|Any CPU.Build.0 = Release|Any CPU
		{56DE632F-758D-4821-8A96-80880B4DF5E6}.Publish|Any CPU.ActiveCfg = Publish|Any CPU
		{56DE632F-758D-4821-8A96-80880B4DF5E6}.Publish|Any CPU.Build.0 = Publish|Any CPU
		{040B23B6-B4AC-4E69-8B62-30EBFB30ABF7}.Debug|Any CPU.ActiveCfg = Debug|Any CPU
		{040B23B6-B4AC-4E69-8B62-30EBFB30ABF7}.Debug|Any CPU.Build.0 = Debug|Any CPU
		{040B23B6-B4AC-4E69-8B62-30EBFB30ABF7}.Release|Any CPU.ActiveCfg = Release|Any CPU
		{040B23B6-B4AC-4E69-8B62-30EBFB30ABF7}.Release|Any CPU.Build.0 = Release|Any CPU
		{040B23B6-B4AC-4E69-8B62-30EBFB30ABF7}.Publish|Any CPU.ActiveCfg = Publish|Any CPU
		{040B23B6-B4AC-4E69-8B62-30EBFB30ABF7}.Publish|Any CPU.Build.0 = Publish|Any CPU
	EndGlobalSection
	GlobalSection(SolutionProperties) = preSolution
		HideSolutionNode = FALSE
	EndGlobalSection
	GlobalSection(ExtensibilityGlobals) = postSolution
		SolutionGuid = {C8A4F57C-CA43-4261-AA9F-8DB451C74247}
	EndGlobalSection
EndGlobal
